
Microsoft Visual Studio Solution File, Format Version 12.00
# Visual Studio Version 16
VisualStudioVersion = 16.0.33130.400
MinimumVisualStudioVersion = 10.0.40219.1
Project("{FAE04EC0-301F-11D3-BF4B-00C04F79EFBC}") = "KursovayaRabota", "KursovayaRabota\KursovayaRabota.csproj", "{5925B29E-FDEB-4197-80DF-4268240E2250}"
EndProject
Global
	GlobalSection(SolutionConfigurationPlatforms) = preSolution
		Debug|Any CPU = Debug|Any CPU
		Release|Any CPU = Release|Any CPU
	EndGlobalSection
	GlobalSection(ProjectConfigurationPlatforms) = postSolution
		{5925B29E-FDEB-4197-80DF-4268240E2250}.Debug|Any CPU.ActiveCfg = Debug|Any CPU
		{5925B29E-FDEB-4197-80DF-4268240E2250}.Debug|Any CPU.Build.0 = Debug|Any CPU
		{5925B29E-FDEB-4197-80DF-4268240E2250}.Release|Any CPU.ActiveCfg = Release|Any CPU
		{5925B29E-FDEB-4197-80DF-4268240E2250}.Release|Any CPU.Build.0 = Release|Any CPU
	EndGlobalSection
	GlobalSection(SolutionProperties) = preSolution
		HideSolutionNode = FALSE
	EndGlobalSection
	GlobalSection(ExtensibilityGlobals) = postSolution
		SolutionGuid = {7A01FFC3-086B-4289-BC15-A5499812842B}
	EndGlobalSection
EndGlobal
